{
  "name": "error-types",
  "version": "0.0.1",
  "lockfileVersion": 1,
  "requires": true,
  "dependencies": {
    "@hapi/boom": {
      "version": "7.4.3",
      "resolved": "https://registry.npmjs.org/@hapi/boom/-/boom-7.4.3.tgz",
      "integrity": "sha512-3di+R+BcGS7HKy67Zi6mIga8orf67GdR0ubDEVBG1oqz3y9B70LewsuCMCSvWWLKlI6V1+266zqhYzjMrPGvZw==",
      "requires": {
        "@hapi/hoek": "8.x.x"
      }
    },
    "@hapi/hoek": {
      "version": "8.2.1",
      "resolved": "https://registry.npmjs.org/@hapi/hoek/-/hoek-8.2.1.tgz",
      "integrity": "sha512-JPiBy+oSmsq3St7XlipfN5pNA6bDJ1kpa73PrK/zR29CVClDVqy04AanM/M/qx5bSF+I61DdCfAvRrujau+zRg=="
    }
  }
}
